
Microsoft Visual Studio Solution File, Format Version 12.00
# Visual Studio Version 16
VisualStudioVersion = 16.0.31515.178
MinimumVisualStudioVersion = 10.0.40219.1
Project("{9A19103F-16F7-4668-BE54-9A1E7A4F7556}") = "MidiFormParentFinal", "MidiFormParentFinal.csproj", "{A74705D7-4B0E-4845-8883-19CE0B6DB46E}"
EndProject
Global
	GlobalSection(SolutionConfigurationPlatforms) = preSolution
		Debug|Any CPU = Debug|Any CPU
		Release|Any CPU = Release|Any CPU
	EndGlobalSection
	GlobalSection(ProjectConfigurationPlatforms) = postSolution
		{A74705D7-4B0E-4845-8883-19CE0B6DB46E}.Debug|Any CPU.ActiveCfg = Debug|Any CPU
		{A74705D7-4B0E-4845-8883-19CE0B6DB46E}.Debug|Any CPU.Build.0 = Debug|Any CPU
		{A74705D7-4B0E-4845-8883-19CE0B6DB46E}.Release|Any CPU.ActiveCfg = Release|Any CPU
		{A74705D7-4B0E-4845-8883-19CE0B6DB46E}.Release|Any CPU.Build.0 = Release|Any CPU
	EndGlobalSection
	GlobalSection(SolutionProperties) = preSolution
		HideSolutionNode = FALSE
	EndGlobalSection
	GlobalSection(ExtensibilityGlobals) = postSolution
		SolutionGuid = {B46C7AE9-E903-4346-8052-7FE0C9210E18}
	EndGlobalSection
EndGlobal
